// !$*UTF8*$!
{
	archiveVersion = 1;
	classes = {
	};
	objectVersion = 55;
	objects = {

/* Begin PBXBuildFile section */
		1AF72850268AD78800CE1E9B /* BuyAvocadoApp.swift in Sources */ = {isa = PBXBuildFile; fileRef = 1AF7284F268AD78800CE1E9B /* BuyAvocadoApp.swift */; };
		1AF72852268AD78800CE1E9B /* ContentView.swift in Sources */ = {isa = PBXBuildFile; fileRef = 1AF72851268AD78800CE1E9B /* ContentView.swift */; };
		1AF72854268AD78900CE1E9B /* Assets.xcassets in Resources */ = {isa = PBXBuildFile; fileRef = 1AF72853268AD78900CE1E9B /* Assets.xcassets */; };
		1AF72857268AD78900CE1E9B /* Preview Assets.xcassets in Resources */ = {isa = PBXBuildFile; fileRef = 1AF72856268AD78900CE1E9B /* Preview Assets.xcassets */; };
		1AF72861268AD78A00CE1E9B /* BuyAvocadoTests.swift in Sources */ = {isa = PBXBuildFile; fileRef = 1AF72860268AD78A00CE1E9B /* BuyAvocadoTests.swift */; };
		1AF7286B268AD78A00CE1E9B /* BuyAvocadoUITests.swift in Sources */ = {isa = PBXBuildFile; fileRef = 1AF7286A268AD78A00CE1E9B /* BuyAvocadoUITests.swift */; };
		1AF72878268ADEBE00CE1E9B /* SimulateLog.swift in Sources */ = {isa = PBXBuildFile; fileRef = 1AF72877268ADEBE00CE1E9B /* SimulateLog.swift */; };
/* End PBXBuildFile section */

/* Begin PBXContainerItemProxy section */
		1AF7285D268AD78A00CE1E9B /* PBXContainerItemProxy */ = {
			isa = PBXContainerItemProxy;
			containerPortal = 1AF72844268AD78800CE1E9B /* Project object */;
			proxyType = 1;
			remoteGlobalIDString = 1AF7284B268AD78800CE1E9B;
			remoteInfo = BuyAvocado;
		};
		1AF72867268AD78A00CE1E9B /* PBXContainerItemProxy */ = {
			isa = PBXContainerItemProxy;
			containerPortal = 1AF72844268AD78800CE1E9B /* Project object */;
			proxyType = 1;
			remoteGlobalIDString = 1AF7284B268AD78800CE1E9B;
			remoteInfo = BuyAvocado;
		};
/* End PBXContainerItemProxy section */

/* Begin PBXFileReference section */
		1AF7284C268AD78800CE1E9B /* BuyAvocado.app */ = {isa = PBXFileReference; explicitFileType = wrapper.application; includeInIndex = 0; path = BuyAvocado.app; sourceTree = BUILT_PRODUCTS_DIR; };
		1AF7284F268AD78800CE1E9B /* BuyAvocadoApp.swift */ = {isa = PBXFileReference; lastKnownFileType = sourcecode.swift; path = BuyAvocadoApp.swift; sourceTree = "<group>"; };
		1AF72851268AD78800CE1E9B /* ContentView.swift */ = {isa = PBXFileReference; lastKnownFileType = sourcecode.swift; path = ContentView.swift; sourceTree = "<group>"; };
		1AF72853268AD78900CE1E9B /* Assets.xcassets */ = {isa = PBXFileReference; lastKnownFileType = folder.assetcatalog; path = Assets.xcassets; sourceTree = "<group>"; };
		1AF72856268AD78900CE1E9B /* Preview Assets.xcassets */ = {isa = PBXFileReference; lastKnownFileType = folder.assetcatalog; path = "Preview Assets.xcassets"; sourceTree = "<group>"; };
		1AF7285C268AD78A00CE1E9B /* BuyAvocadoTests.xctest */ = {isa = PBXFileReference; explicitFileType = wrapper.cfbundle; includeInIndex = 0; path = BuyAvocadoTests.xctest; sourceTree = BUILT_PRODUCTS_DIR; };
		1AF72860268AD78A00CE1E9B /* BuyAvocadoTests.swift */ = {isa = PBXFileReference; lastKnownFileType = sourcecode.swift; path = BuyAvocadoTests.swift; sourceTree = "<group>"; };
		1AF72866268AD78A00CE1E9B /* BuyAvocadoUITests.xctest */ = {isa = PBXFileReference; explicitFileType = wrapper.cfbundle; includeInIndex = 0; path = BuyAvocadoUITests.xctest; sourceTree = BUILT_PRODUCTS_DIR; };
		1AF7286A268AD78A00CE1E9B /* BuyAvocadoUITests.swift */ = {isa = PBXFileReference; lastKnownFileType = sourcecode.swift; path = BuyAvocadoUITests.swift; sourceTree = "<group>"; };
		1AF72877268ADEBE00CE1E9B /* SimulateLog.swift */ = {isa = PBXFileReference; lastKnownFileType = sourcecode.swift; path = SimulateLog.swift; sourceTree = "<group>"; };
/* End PBXFileReference section */

/* Begin PBXFrameworksBuildPhase section */
		1AF72849268AD78800CE1E9B /* Frameworks */ = {
			isa = PBXFrameworksBuildPhase;
			buildActionMask = 2147483647;
			files = (
			);
			runOnlyForDeploymentPostprocessing = 0;
		};
		1AF72859268AD78A00CE1E9B /* Frameworks */ = {
			isa = PBXFrameworksBuildPhase;
			buildActionMask = 2147483647;
			files = (
			);
			runOnlyForDeploymentPostprocessing = 0;
		};
		1AF72863268AD78A00CE1E9B /* Frameworks */ = {
			isa = PBXFrameworksBuildPhase;
			buildActionMask = 2147483647;
			files = (
			);
			runOnlyForDeploymentPostprocessing = 0;
		};
/* End PBXFrameworksBuildPhase section */

/* Begin PBXGroup section */
		1AF72843268AD78800CE1E9B = {
			isa = PBXGroup;
			children = (
				1AF7284E268AD78800CE1E9B /* BuyAvocado */,
				1AF7285F268AD78A00CE1E9B /* BuyAvocadoTests */,
				1AF72869268AD78A00CE1E9B /* BuyAvocadoUITests */,
				1AF7284D268AD78800CE1E9B /* Products */,
			);
			sourceTree = "<group>";
		};
		1AF7284D268AD78800CE1E9B /* Products */ = {
			isa = PBXGroup;
			children = (
				1AF7284C268AD78800CE1E9B /* BuyAvocado.app */,
				1AF7285C268AD78A00CE1E9B /* BuyAvocadoTests.xctest */,
				1AF72866268AD78A00CE1E9B /* BuyAvocadoUITests.xctest */,
			);
			name = Products;
			sourceTree = "<group>";
		};
		1AF7284E268AD78800CE1E9B /* BuyAvocado */ = {
			isa = PBXGroup;
			children = (
				1AF7284F268AD78800CE1E9B /* BuyAvocadoApp.swift */,
				1AF72851268AD78800CE1E9B /* ContentView.swift */,
				1AF72853268AD78900CE1E9B /* Assets.xcassets */,
				1AF72855268AD78900CE1E9B /* Preview Content */,
				1AF72877268ADEBE00CE1E9B /* SimulateLog.swift */,
			);
			path = BuyAvocado;
			sourceTree = "<group>";
		};
		1AF72855268AD78900CE1E9B /* Preview Content */ = {
			isa = PBXGroup;
			children = (
				1AF72856268AD78900CE1E9B /* Preview Assets.xcassets */,
			);
			path = "Preview Content";
			sourceTree = "<group>";
		};
		1AF7285F268AD78A00CE1E9B /* BuyAvocadoTests */ = {
			isa = PBXGroup;
			children = (
				1AF72860268AD78A00CE1E9B /* BuyAvocadoTests.swift */,
			);
			path = BuyAvocadoTests;
			sourceTree = "<group>";
		};
		1AF72869268AD78A00CE1E9B /* BuyAvocadoUITests */ = {
			isa = PBXGroup;
			children = (
				1AF7286A268AD78A00CE1E9B /* BuyAvocadoUITests.swift */,
			);
			path = BuyAvocadoUITests;
			sourceTree = "<group>";
		};
/* End PBXGroup section */

/* Begin PBXNativeTarget section */
		1AF7284B268AD78800CE1E9B /* BuyAvocado */ = {
			isa = PBXNativeTarget;
			buildConfigurationList = 1AF7286E268AD78A00CE1E9B /* Build configuration list for PBXNativeTarget "BuyAvocado" */;
			buildPhases = (
				1AF72848268AD78800CE1E9B /* Sources */,
				1AF72849268AD78800CE1E9B /* Frameworks */,
				1AF7284A268AD78800CE1E9B /* Resources */,
			);
			buildRules = (
			);
			dependencies = (
			);
			name = BuyAvocado;
			productName = BuyAvocado;
			productReference = 1AF7284C268AD78800CE1E9B /* BuyAvocado.app */;
			productType = "com.apple.product-type.application";
		};
		1AF7285B268AD78A00CE1E9B /* BuyAvocadoTests */ = {
			isa = PBXNativeTarget;
			buildConfigurationList = 1AF72871268AD78A00CE1E9B /* Build configuration list for PBXNativeTarget "BuyAvocadoTests" */;
			buildPhases = (
				1AF72858268AD78A00CE1E9B /* Sources */,
				1AF72859268AD78A00CE1E9B /* Frameworks */,
				1AF7285A268AD78A00CE1E9B /* Resources */,
			);
			buildRules = (
			);
			dependencies = (
				1AF7285E268AD78A00CE1E9B /* PBXTargetDependency */,
			);
			name = BuyAvocadoTests;
			productName = BuyAvocadoTests;
			productReference = 1AF7285C268AD78A00CE1E9B /* BuyAvocadoTests.xctest */;
			productType = "com.apple.product-type.bundle.unit-test";
		};
		1AF72865268AD78A00CE1E9B /* BuyAvocadoUITests */ = {
			isa = PBXNativeTarget;
			buildConfigurationList = 1AF72874268AD78A00CE1E9B /* Build configuration list for PBXNativeTarget "BuyAvocadoUITests" */;
			buildPhases = (
				1AF72862268AD78A00CE1E9B /* Sources */,
				1AF72863268AD78A00CE1E9B /* Frameworks */,
				1AF72864268AD78A00CE1E9B /* Resources */,
			);
			buildRules = (
			);
			dependencies = (
				1AF72868268AD78A00CE1E9B /* PBXTargetDependency */,
			);
			name = BuyAvocadoUITests;
			productName = BuyAvocadoUITests;
			productReference = 1AF72866268AD78A00CE1E9B /* BuyAvocadoUITests.xctest */;
			productType = "com.apple.product-type.bundle.ui-testing";
		};
/* End PBXNativeTarget section */

/* Begin PBXProject section */
		1AF72844268AD78800CE1E9B /* Project object */ = {
			isa = PBXProject;
			attributes = {
				BuildIndependentTargetsInParallel = 1;
				LastSwiftUpdateCheck = 1300;
				LastUpgradeCheck = 1300;
				TargetAttributes = {
					1AF7284B268AD78800CE1E9B = {
						CreatedOnToolsVersion = 13.0;
					};
					1AF7285B268AD78A00CE1E9B = {
						CreatedOnToolsVersion = 13.0;
						TestTargetID = 1AF7284B268AD78800CE1E9B;
					};
					1AF72865268AD78A00CE1E9B = {
						CreatedOnToolsVersion = 13.0;
						TestTargetID = 1AF7284B268AD78800CE1E9B;
					};
				};
			};
			buildConfigurationList = 1AF72847268AD78800CE1E9B /* Build configuration list for PBXProject "BuyAvocado" */;
			compatibilityVersion = "Xcode 13.0";
			developmentRegion = en;
			hasScannedForEncodings = 0;
			knownRegions = (
				en,
				Base,
			);
			mainGroup = 1AF72843268AD78800CE1E9B;
			productRefGroup = 1AF7284D268AD78800CE1E9B /* Products */;
			projectDirPath = "";
			projectRoot = "";
			targets = (
				1AF7284B268AD78800CE1E9B /* BuyAvocado */,
				1AF7285B268AD78A00CE1E9B /* BuyAvocadoTests */,
				1AF72865268AD78A00CE1E9B /* BuyAvocadoUITests */,
			);
		};
/* End PBXProject section */

/* Begin PBXResourcesBuildPhase section */
		1AF7284A268AD78800CE1E9B /* Resources */ = {
			isa = PBXResourcesBuildPhase;
			buildActionMask = 2147483647;
			files = (
				1AF72857268AD78900CE1E9B /* Preview Assets.xcassets in Resources */,
				1AF72854268AD78900CE1E9B /* Assets.xcassets in Resources */,
			);
			runOnlyForDeploymentPostprocessing = 0;
		};
		1AF7285A268AD78A00CE1E9B /* Resources */ = {
			isa = PBXResourcesBuildPhase;
			buildActionMask = 2147483647;
			files = (
			);
			runOnlyForDeploymentPostprocessing = 0;
		};
		1AF72864268AD78A00CE1E9B /* Resources */ = {
			isa = PBXResourcesBuildPhase;
			buildActionMask = 2147483647;
			files = (
			);
			runOnlyForDeploymentPostprocessing = 0;
		};
/* End PBXResourcesBuildPhase section */

/* Begin PBXSourcesBuildPhase section */
		1AF72848268AD78800CE1E9B /* Sources */ = {
			isa = PBXSourcesBuildPhase;
			buildActionMask = 2147483647;
			files = (
				1AF72852268AD78800CE1E9B /* ContentView.swift in Sources */,
				1AF72850268AD78800CE1E9B /* BuyAvocadoApp.swift in Sources */,
				1AF72878268ADEBE00CE1E9B /* SimulateLog.swift in Sources */,
			);
			runOnlyForDeploymentPostprocessing = 0;
		};
		1AF72858268AD78A00CE1E9B /* Sources */ = {
			isa = PBXSourcesBuildPhase;
			buildActionMask = 2147483647;
			files = (
				1AF72861268AD78A00CE1E9B /* BuyAvocadoTests.swift in Sources */,
			);
			runOnlyForDeploymentPostprocessing = 0;
		};
		1AF72862268AD78A00CE1E9B /* Sources */ = {
			isa = PBXSourcesBuildPhase;
			buildActionMask = 2147483647;
			files = (
				1AF7286B268AD78A00CE1E9B /* BuyAvocadoUITests.swift in Sources */,
			);
			runOnlyForDeploymentPostprocessing = 0;
		};
/* End PBXSourcesBuildPhase section */

/* Begin PBXTargetDependency section */
		1AF7285E268AD78A00CE1E9B /* PBXTargetDependency */ = {
			isa = PBXTargetDependency;
			target = 1AF7284B268AD78800CE1E9B /* BuyAvocado */;
			targetProxy = 1AF7285D268AD78A00CE1E9B /* PBXContainerItemProxy */;
		};
		1AF72868268AD78A00CE1E9B /* PBXTargetDependency */ = {
			isa = PBXTargetDependency;
			target = 1AF7284B268AD78800CE1E9B /* BuyAvocado */;
			targetProxy = 1AF72867268AD78A00CE1E9B /* PBXContainerItemProxy */;
		};
/* End PBXTargetDependency section */

/* Begin XCBuildConfiguration section */
		1AF7286C268AD78A00CE1E9B /* Debug */ = {
			isa = XCBuildConfiguration;
			buildSettings = {
				ALWAYS_SEARCH_USER_PATHS = NO;
				CLANG_ANALYZER_NONNULL = YES;
				CLANG_ANALYZER_NUMBER_OBJECT_CONVERSION = YES_AGGRESSIVE;
				CLANG_CXX_LANGUAGE_STANDARD = "gnu++14";
				CLANG_CXX_LIBRARY = "libc++";
				CLANG_ENABLE_MODULES = YES;
				CLANG_ENABLE_OBJC_ARC = YES;
				CLANG_ENABLE_OBJC_WEAK = YES;
				CLANG_WARN_BLOCK_CAPTURE_AUTORELEASING = YES;
				CLANG_WARN_BOOL_CONVERSION = YES;
				CLANG_WARN_COMMA = YES;
				CLANG_WARN_CONSTANT_CONVERSION = YES;
				CLANG_WARN_DEPRECATED_OBJC_IMPLEMENTATIONS = YES;
				CLANG_WARN_DIRECT_OBJC_ISA_USAGE = YES_ERROR;
				CLANG_WARN_DOCUMENTATION_COMMENTS = YES;
				CLANG_WARN_EMPTY_BODY = YES;
				CLANG_WARN_ENUM_CONVERSION = YES;
				CLANG_WARN_INFINITE_RECURSION = YES;
				CLANG_WARN_INT_CONVERSION = YES;
				CLANG_WARN_NON_LITERAL_NULL_CONVERSION = YES;
				CLANG_WARN_OBJC_IMPLICIT_RETAIN_SELF = YES;
				CLANG_WARN_OBJC_LITERAL_CONVERSION = YES;
				CLANG_WARN_OBJC_ROOT_CLASS = YES_ERROR;
				CLANG_WARN_QUOTED_INCLUDE_IN_FRAMEWORK_HEADER = YES;
				CLANG_WARN_RANGE_LOOP_ANALYSIS = YES;
				CLANG_WARN_STRICT_PROTOTYPES = YES;
				CLANG_WARN_SUSPICIOUS_MOVE = YES;
				CLANG_WARN_UNGUARDED_AVAILABILITY = YES_AGGRESSIVE;
				CLANG_WARN_UNREACHABLE_CODE = YES;
				CLANG_WARN__DUPLICATE_METHOD_MATCH = YES;
				COPY_PHASE_STRIP = NO;
				DEBUG_INFORMATION_FORMAT = dwarf;
				ENABLE_STRICT_OBJC_MSGSEND = YES;
				ENABLE_TESTABILITY = YES;
				GCC_C_LANGUAGE_STANDARD = gnu11;
				GCC_DYNAMIC_NO_PIC = NO;
				GCC_NO_COMMON_BLOCKS = YES;
				GCC_OPTIMIZATION_LEVEL = 0;
				GCC_PREPROCESSOR_DEFINITIONS = (
					"DEBUG=1",
					"$(inherited)",
				);
				GCC_WARN_64_TO_32_BIT_CONVERSION = YES;
				GCC_WARN_ABOUT_RETURN_TYPE = YES_ERROR;
				GCC_WARN_UNDECLARED_SELECTOR = YES;
				GCC_WARN_UNINITIALIZED_AUTOS = YES_AGGRESSIVE;
				GCC_WARN_UNUSED_FUNCTION = YES;
				GCC_WARN_UNUSED_VARIABLE = YES;
				IPHONEOS_DEPLOYMENT_TARGET = 15.0;
				MTL_ENABLE_DEBUG_INFO = INCLUDE_SOURCE;
				MTL_FAST_MATH = YES;
				ONLY_ACTIVE_ARCH = YES;
				SDKROOT = iphoneos;
				SWIFT_ACTIVE_COMPILATION_CONDITIONS = DEBUG;
				SWIFT_OPTIMIZATION_LEVEL = "-Onone";
			};
			name = Debug;
		};
		1AF7286D268AD78A00CE1E9B /* Release */ = {
			isa = XCBuildConfiguration;
			buildSettings = {
				ALWAYS_SEARCH_USER_PATHS = NO;
				CLANG_ANALYZER_NONNULL = YES;
				CLANG_ANALYZER_NUMBER_OBJECT_CONVERSION = YES_AGGRESSIVE;
				CLANG_CXX_LANGUAGE_STANDARD = "gnu++14";
				CLANG_CXX_LIBRARY = "libc++";
				CLANG_ENABLE_MODULES = YES;
				CLANG_ENABLE_OBJC_ARC = YES;
				CLANG_ENABLE_OBJC_WEAK = YES;
				CLANG_WARN_BLOCK_CAPTURE_AUTORELEASING = YES;
				CLANG_WARN_BOOL_CONVERSION = YES;
				CLANG_WARN_COMMA = YES;
				CLANG_WARN_CONSTANT_CONVERSION = YES;
				CLANG_WARN_DEPRECATED_OBJC_IMPLEMENTATIONS = YES;
				CLANG_WARN_DIRECT_OBJC_ISA_USAGE = YES_ERROR;
				CLANG_WARN_DOCUMENTATION_COMMENTS = YES;
				CLANG_WARN_EMPTY_BODY = YES;
				CLANG_WARN_ENUM_CONVERSION = YES;
				CLANG_WARN_INFINITE_RECURSION = YES;
				CLANG_WARN_INT_CONVERSION = YES;
				CLANG_WARN_NON_LITERAL_NULL_CONVERSION = YES;
				CLANG_WARN_OBJC_IMPLICIT_RETAIN_SELF = YES;
				CLANG_WARN_OBJC_LITERAL_CONVERSION = YES;
				CLANG_WARN_OBJC_ROOT_CLASS = YES_ERROR;
				CLANG_WARN_QUOTED_INCLUDE_IN_FRAMEWORK_HEADER = YES;
				CLANG_WARN_RANGE_LOOP_ANALYSIS = YES;
				CLANG_WARN_STRICT_PROTOTYPES = YES;
				CLANG_WARN_SUSPICIOUS_MOVE = YES;
				CLANG_WARN_UNGUARDED_AVAILABILITY = YES_AGGRESSIVE;
				CLANG_WARN_UNREACHABLE_CODE = YES;
				CLANG_WARN__DUPLICATE_METHOD_MATCH = YES;
				COPY_PHASE_STRIP = NO;
				DEBUG_INFORMATION_FORMAT = "dwarf-with-dsym";
				ENABLE_NS_ASSERTIONS = NO;
				ENABLE_STRICT_OBJC_MSGSEND = YES;
				GCC_C_LANGUAGE_STANDARD = gnu11;
				GCC_NO_COMMON_BLOCKS = YES;
				GCC_WARN_64_TO_32_BIT_CONVERSION = YES;
				GCC_WARN_ABOUT_RETURN_TYPE = YES_ERROR;
				GCC_WARN_UNDECLARED_SELECTOR = YES;
				GCC_WARN_UNINITIALIZED_AUTOS = YES_AGGRESSIVE;
				GCC_WARN_UNUSED_FUNCTION = YES;
				GCC_WARN_UNUSED_VARIABLE = YES;
				IPHONEOS_DEPLOYMENT_TARGET = 15.0;
				MTL_ENABLE_DEBUG_INFO = NO;
				MTL_FAST_MATH = YES;
				SDKROOT = iphoneos;
				SWIFT_COMPILATION_MODE = wholemodule;
				SWIFT_OPTIMIZATION_LEVEL = "-O";
				VALIDATE_PRODUCT = YES;
			};
			name = Release;
		};
		1AF7286F268AD78A00CE1E9B /* Debug */ = {
			isa = XCBuildConfiguration;
			buildSettings = {
				ASSETCATALOG_COMPILER_APPICON_NAME = AppIcon;
				ASSETCATALOG_COMPILER_GLOBAL_ACCENT_COLOR_NAME = AccentColor;
				CODE_SIGN_STYLE = Automatic;
				CURRENT_PROJECT_VERSION = 1;
				DEVELOPMENT_ASSET_PATHS = "\"BuyAvocado/Preview Content\"";
				DEVELOPMENT_TEAM = 677TUUXZWM;
				ENABLE_PREVIEWS = YES;
				GENERATE_INFOPLIST_FILE = YES;
				INFOPLIST_KEY_UIApplicationSceneManifest_Generation = YES;
				INFOPLIST_KEY_UIApplicationSupportsIndirectInputEvents = YES;
				INFOPLIST_KEY_UILaunchScreen_Generation = YES;
				INFOPLIST_KEY_UISupportedInterfaceOrientations_iPad = "UIInterfaceOrientationPortrait UIInterfaceOrientationPortraitUpsideDown UIInterfaceOrientationLandscapeLeft UIInterfaceOrientationLandscapeRight";
				INFOPLIST_KEY_UISupportedInterfaceOrientations_iPhone = "UIInterfaceOrientationPortrait UIInterfaceOrientationLandscapeLeft UIInterfaceOrientationLandscapeRight";
				IPHONEOS_DEPLOYMENT_TARGET = 14.0;
				LD_RUNPATH_SEARCH_PATHS = (
					"$(inherited)",
					"@executable_path/Frameworks",
				);
				MARKETING_VERSION = 1.0;
				PRODUCT_BUNDLE_IDENTIFIER = com.hula.BuyAvocado;
				PRODUCT_NAME = "$(TARGET_NAME)";
				SWIFT_EMIT_LOC_STRINGS = YES;
				SWIFT_VERSION = 5.0;
				TARGETED_DEVICE_FAMILY = "1,2";
			};
			name = Debug;
		};
		1AF72870268AD78A00CE1E9B /* Release */ = {
			isa = XCBuildConfiguration;
			buildSettings = {
				ASSETCATALOG_COMPILER_APPICON_NAME = AppIcon;
				ASSETCATALOG_COMPILER_GLOBAL_ACCENT_COLOR_NAME = AccentColor;
				CODE_SIGN_STYLE = Automatic;
				CURRENT_PROJECT_VERSION = 1;
				DEVELOPMENT_ASSET_PATHS = "\"BuyAvocado/Preview Content\"";
				DEVELOPMENT_TEAM = 677TUUXZWM;
				ENABLE_PREVIEWS = YES;
				GENERATE_INFOPLIST_FILE = YES;
				INFOPLIST_KEY_UIApplicationSceneManifest_Generation = YES;
				INFOPLIST_KEY_UIApplicationSupportsIndirectInputEvents = YES;
				INFOPLIST_KEY_UILaunchScreen_Generation = YES;
				INFOPLIST_KEY_UISupportedInterfaceOrientations_iPad = "UIInterfaceOrientationPortrait UIInterfaceOrientationPortraitUpsideDown UIInterfaceOrientationLandscapeLeft UIInterfaceOrientationLandscapeRight";
				INFOPLIST_KEY_UISupportedInterfaceOrientations_iPhone = "UIInterfaceOrientationPortrait UIInterfaceOrientationLandscapeLeft UIInterfaceOrientationLandscapeRight";
				IPHONEOS_DEPLOYMENT_TARGET = 14.0;
				LD_RUNPATH_SEARCH_PATHS = (
					"$(inherited)",
					"@executable_path/Frameworks",
				);
				MARKETING_VERSION = 1.0;
				PRODUCT_BUNDLE_IDENTIFIER = com.hula.BuyAvocado;
				PRODUCT_NAME = "$(TARGET_NAME)";
				SWIFT_EMIT_LOC_STRINGS = YES;
				SWIFT_VERSION = 5.0;
				TARGETED_DEVICE_FAMILY = "1,2";
			};
			name = Release;
		};
		1AF72872268AD78A00CE1E9B /* Debug */ = {
			isa = XCBuildConfiguration;
			buildSettings = {
				ALWAYS_EMBED_SWIFT_STANDARD_LIBRARIES = YES;
				BUNDLE_LOADER = "$(TEST_HOST)";
				CODE_SIGN_STYLE = Automatic;
				CURRENT_PROJECT_VERSION = 1;
				DEVELOPMENT_TEAM = 677TUUXZWM;
				GENERATE_INFOPLIST_FILE = YES;
				IPHONEOS_DEPLOYMENT_TARGET = 14.0;
				LD_RUNPATH_SEARCH_PATHS = (
					"$(inherited)",
					"@executable_path/Frameworks",
					"@loader_path/Frameworks",
				);
				MARKETING_VERSION = 1.0;
				PRODUCT_BUNDLE_IDENTIFIER = com.hula.BuyAvocadoTests;
				PRODUCT_NAME = "$(TARGET_NAME)";
				SWIFT_EMIT_LOC_STRINGS = NO;
				SWIFT_VERSION = 5.0;
				TARGETED_DEVICE_FAMILY = "1,2";
				TEST_HOST = "$(BUILT_PRODUCTS_DIR)/BuyAvocado.app/BuyAvocado";
			};
			name = Debug;
		};
		1AF72873268AD78A00CE1E9B /* Release */ = {
			isa = XCBuildConfiguration;
			buildSettings = {
				ALWAYS_EMBED_SWIFT_STANDARD_LIBRARIES = YES;
				BUNDLE_LOADER = "$(TEST_HOST)";
				CODE_SIGN_STYLE = Automatic;
				CURRENT_PROJECT_VERSION = 1;
				DEVELOPMENT_TEAM = 677TUUXZWM;
				GENERATE_INFOPLIST_FILE = YES;
				IPHONEOS_DEPLOYMENT_TARGET = 14.0;
				LD_RUNPATH_SEARCH_PATHS = (
					"$(inherited)",
					"@executable_path/Frameworks",
					"@loader_path/Frameworks",
				);
				MARKETING_VERSION = 1.0;
				PRODUCT_BUNDLE_IDENTIFIER = com.hula.BuyAvocadoTests;
				PRODUCT_NAME = "$(TARGET_NAME)";
				SWIFT_EMIT_LOC_STRINGS = NO;
				SWIFT_VERSION = 5.0;
				TARGETED_DEVICE_FAMILY = "1,2";
				TEST_HOST = "$(BUILT_PRODUCTS_DIR)/BuyAvocado.app/BuyAvocado";
			};
			name = Release;
		};
		1AF72875268AD78A00CE1E9B /* Debug */ = {
			isa = XCBuildConfiguration;
			buildSettings = {
				ALWAYS_EMBED_SWIFT_STANDARD_LIBRARIES = YES;
				CODE_SIGN_STYLE = Automatic;
				CURRENT_PROJECT_VERSION = 1;
				DEVELOPMENT_TEAM = 677TUUXZWM;
				GENERATE_INFOPLIST_FILE = YES;
				LD_RUNPATH_SEARCH_PATHS = (
					"$(inherited)",
					"@executable_path/Frameworks",
					"@loader_path/Frameworks",
				);
				MARKETING_VERSION = 1.0;
				PRODUCT_BUNDLE_IDENTIFIER = com.hula.BuyAvocadoUITests;
				PRODUCT_NAME = "$(TARGET_NAME)";
				SWIFT_EMIT_LOC_STRINGS = NO;
				SWIFT_VERSION = 5.0;
				TARGETED_DEVICE_FAMILY = "1,2";
				TEST_TARGET_NAME = BuyAvocado;
			};
			name = Debug;
		};
		1AF72876268AD78A00CE1E9B /* Release */ = {
			isa = XCBuildConfiguration;
			buildSettings = {
				ALWAYS_EMBED_SWIFT_STANDARD_LIBRARIES = YES;
				CODE_SIGN_STYLE = Automatic;
				CURRENT_PROJECT_VERSION = 1;
				DEVELOPMENT_TEAM = 677TUUXZWM;
				GENERATE_INFOPLIST_FILE = YES;
				LD_RUNPATH_SEARCH_PATHS = (
					"$(inherited)",
					"@executable_path/Frameworks",
					"@loader_path/Frameworks",
				);
				MARKETING_VERSION = 1.0;
				PRODUCT_BUNDLE_IDENTIFIER = com.hula.BuyAvocadoUITests;
				PRODUCT_NAME = "$(TARGET_NAME)";
				SWIFT_EMIT_LOC_STRINGS = NO;
				SWIFT_VERSION = 5.0;
				TARGETED_DEVICE_FAMILY = "1,2";
				TEST_TARGET_NAME = BuyAvocado;
			};
			name = Release;
		};
/* End XCBuildConfiguration section */

/* Begin XCConfigurationList section */
		1AF72847268AD78800CE1E9B /* Build configuration list for PBXProject "BuyAvocado" */ = {
			isa = XCConfigurationList;
			buildConfigurations = (
				1AF7286C268AD78A00CE1E9B /* Debug */,
				1AF7286D268AD78A00CE1E9B /* Release */,
			);
			defaultConfigurationIsVisible = 0;
			defaultConfigurationName = Release;
		};
		1AF7286E268AD78A00CE1E9B /* Build configuration list for PBXNativeTarget "BuyAvocado" */ = {
			isa = XCConfigurationList;
			buildConfigurations = (
				1AF7286F268AD78A00CE1E9B /* Debug */,
				1AF72870268AD78A00CE1E9B /* Release */,
			);
			defaultConfigurationIsVisible = 0;
			defaultConfigurationName = Release;
		};
		1AF72871268AD78A00CE1E9B /* Build configuration list for PBXNativeTarget "BuyAvocadoTests" */ = {
			isa = XCConfigurationList;
			buildConfigurations = (
				1AF72872268AD78A00CE1E9B /* Debug */,
				1AF72873268AD78A00CE1E9B /* Release */,
			);
			defaultConfigurationIsVisible = 0;
			defaultConfigurationName = Release;
		};
		1AF72874268AD78A00CE1E9B /* Build configuration list for PBXNativeTarget "BuyAvocadoUITests" */ = {
			isa = XCConfigurationList;
			buildConfigurations = (
				1AF72875268AD78A00CE1E9B /* Debug */,
				1AF72876268AD78A00CE1E9B /* Release */,
			);
			defaultConfigurationIsVisible = 0;
			defaultConfigurationName = Release;
		};
/* End XCConfigurationList section */
	};
	rootObject = 1AF72844268AD78800CE1E9B /* Project object */;
}
